github.com/mikemihu/try-private-module v0.1.0 h1:6DQZtnLKSZeTMUWdHC5Jgg56SCjz63R1dky/S9xmk8k=
github.com/mikemihu/try-private-module v0.1.0/go.mod h1:IWN9smxHvAOy5ViCL90iWKZawCNOla8evJ1qJDh6Kd0=
github.com/mikemihu/try-private-module v0.1.1 h1:HC7StY5Mvu3ny9rVZx4ZSEmOj9Mv9nqnb2E6Gy0s/Jo=
github.com/mikemihu/try-private-module v0.1.1/go.mod h1:ppf73H/4u8v7UT57P+t7JSl6aCTxtVY/rBYXZ+vCU1o=
